
Microsoft Visual Studio Solution File, Format Version 12.00
# Visual Studio Version 17
VisualStudioVersion = 17.0.32112.339
MinimumVisualStudioVersion = 10.0.40219.1
Project("{FAE04EC0-301F-11D3-BF4B-00C04F79EFBC}") = "LabUsedCarLot", "LabUsedCarLot.csproj", "{2E10A817-8A1A-4796-8EC5-F70DA2DE409B}"
EndProject
Global
	GlobalSection(SolutionConfigurationPlatforms) = preSolution
		Debug|Any CPU = Debug|Any CPU
		Release|Any CPU = Release|Any CPU
	EndGlobalSection
	GlobalSection(ProjectConfigurationPlatforms) = postSolution
		{2E10A817-8A1A-4796-8EC5-F70DA2DE409B}.Debug|Any CPU.ActiveCfg = Debug|Any CPU
		{2E10A817-8A1A-4796-8EC5-F70DA2DE409B}.Debug|Any CPU.Build.0 = Debug|Any CPU
		{2E10A817-8A1A-4796-8EC5-F70DA2DE409B}.Release|Any CPU.ActiveCfg = Release|Any CPU
		{2E10A817-8A1A-4796-8EC5-F70DA2DE409B}.Release|Any CPU.Build.0 = Release|Any CPU
	EndGlobalSection
	GlobalSection(SolutionProperties) = preSolution
		HideSolutionNode = FALSE
	EndGlobalSection
	GlobalSection(ExtensibilityGlobals) = postSolution
		SolutionGuid = {B7E4FF9A-E929-4FC5-962F-AEFC8F22E45B}
	EndGlobalSection
EndGlobal
